dependencies:
  idf:
    source:
      type: idf
    version: 5.2.3
  techfab-iot/tef-lora:
    component_hash: b3ac5ba29bdec26c019d238fff23b191c0a549346fbd477bf1c783873b9a8b79
    dependencies:
    - name: idf
      version: '>=5.2'
    source:
      git: git@github.com:techfab-iot/tef-lora.git
      path: .
      type: git
    version: ddbddbe4a5e9841ffcfd1ccdeb0edcaacaf1cc42
direct_dependencies:
- techfab-iot/tef-lora
manifest_hash: 7244d5f25055a330f199808c3d616b03d67dd1df6f29084e80f1344dfdf10d93
target: esp32
version: 2.0.0
